// !$*UTF8*$!
{
	archiveVersion = 1;
	classes = {
	};
	objectVersion = 50;
	objects = {

/* Begin PBXBuildFile section */
		1103397D23E9D50A00125AC6 /* DynamicColor.swift in Sources */ = {isa = PBXBuildFile; fileRef = 1103397B23E9C5F500125AC6 /* DynamicColor.swift */; };
		114F368123E044A200F7DF20 /* AppDelegate.swift in Sources */ = {isa = PBXBuildFile; fileRef = 114F368023E044A200F7DF20 /* AppDelegate.swift */; };
		114F368823E044A400F7DF20 /* Main.storyboard in Resources */ = {isa = PBXBuildFile; fileRef = 114F368623E044A400F7DF20 /* Main.storyboard */; };
		114F369123E0E54400F7DF20 /* KeyView.swift in Sources */ = {isa = PBXBuildFile; fileRef = 114F369023E0E54400F7DF20 /* KeyView.swift */; };
		114F369323E4A8B200F7DF20 /* Key.swift in Sources */ = {isa = PBXBuildFile; fileRef = 114F369223E4A8B200F7DF20 /* Key.swift */; };
		114F369723E5849C00F7DF20 /* KeyboardController.swift in Sources */ = {isa = PBXBuildFile; fileRef = 114F369623E5849C00F7DF20 /* KeyboardController.swift */; };
		114F369923E584B800F7DF20 /* ScreenController.swift in Sources */ = {isa = PBXBuildFile; fileRef = 114F369823E584B800F7DF20 /* ScreenController.swift */; };
		11AD567F23E8421C004A0F9A /* Assets.xcassets in Resources */ = {isa = PBXBuildFile; fileRef = 114F368423E044A400F7DF20 /* Assets.xcassets */; };
/* End PBXBuildFile section */

/* Begin PBXFileReference section */
		1103397B23E9C5F500125AC6 /* DynamicColor.swift */ = {isa = PBXFileReference; lastKnownFileType = sourcecode.swift; path = DynamicColor.swift; sourceTree = "<group>"; };
		114F367D23E044A200F7DF20 /* Inspect.app */ = {isa = PBXFileReference; explicitFileType = wrapper.application; includeInIndex = 0; path = Inspect.app; sourceTree = BUILT_PRODUCTS_DIR; };
		114F368023E044A200F7DF20 /* AppDelegate.swift */ = {isa = PBXFileReference; lastKnownFileType = sourcecode.swift; path = AppDelegate.swift; sourceTree = "<group>"; };
		114F368423E044A400F7DF20 /* Assets.xcassets */ = {isa = PBXFileReference; lastKnownFileType = folder.assetcatalog; path = Assets.xcassets; sourceTree = "<group>"; };
		114F368723E044A400F7DF20 /* Base */ = {isa = PBXFileReference; lastKnownFileType = file.storyboard; name = Base; path = Base.lproj/Main.storyboard; sourceTree = "<group>"; };
		114F368923E044A400F7DF20 /* Info.plist */ = {isa = PBXFileReference; lastKnownFileType = text.plist.xml; path = Info.plist; sourceTree = "<group>"; };
		114F368A23E044A400F7DF20 /* Inspect.entitlements */ = {isa = PBXFileReference; lastKnownFileType = text.plist.entitlements; path = Inspect.entitlements; sourceTree = "<group>"; };
		114F369023E0E54400F7DF20 /* KeyView.swift */ = {isa = PBXFileReference; lastKnownFileType = sourcecode.swift; path = KeyView.swift; sourceTree = "<group>"; };
		114F369223E4A8B200F7DF20 /* Key.swift */ = {isa = PBXFileReference; lastKnownFileType = sourcecode.swift; path = Key.swift; sourceTree = "<group>"; };
		114F369623E5849C00F7DF20 /* KeyboardController.swift */ = {isa = PBXFileReference; fileEncoding = 4; lastKnownFileType = sourcecode.swift; path = KeyboardController.swift; sourceTree = "<group>"; };
		114F369823E584B800F7DF20 /* ScreenController.swift */ = {isa = PBXFileReference; lastKnownFileType = sourcecode.swift; path = ScreenController.swift; sourceTree = "<group>"; };
/* End PBXFileReference section */

/* Begin PBXFrameworksBuildPhase section */
		114F367A23E044A200F7DF20 /* Frameworks */ = {
			isa = PBXFrameworksBuildPhase;
			buildActionMask = 2147483647;
			files = (
			);
			runOnlyForDeploymentPostprocessing = 0;
		};
/* End PBXFrameworksBuildPhase section */

/* Begin PBXGroup section */
		114F367423E044A200F7DF20 = {
			isa = PBXGroup;
			children = (
				114F367F23E044A200F7DF20 /* Inspect */,
				114F367E23E044A200F7DF20 /* Products */,
			);
			sourceTree = "<group>";
		};
		114F367E23E044A200F7DF20 /* Products */ = {
			isa = PBXGroup;
			children = (
				114F367D23E044A200F7DF20 /* Inspect.app */,
			);
			name = Products;
			sourceTree = "<group>";
		};
		114F367F23E044A200F7DF20 /* Inspect */ = {
			isa = PBXGroup;
			children = (
				114F368023E044A200F7DF20 /* AppDelegate.swift */,
				114F369623E5849C00F7DF20 /* KeyboardController.swift */,
				114F369823E584B800F7DF20 /* ScreenController.swift */,
				114F369023E0E54400F7DF20 /* KeyView.swift */,
				114F369223E4A8B200F7DF20 /* Key.swift */,
				1103397B23E9C5F500125AC6 /* DynamicColor.swift */,
				114F368423E044A400F7DF20 /* Assets.xcassets */,
				114F368623E044A400F7DF20 /* Main.storyboard */,
				114F368923E044A400F7DF20 /* Info.plist */,
				114F368A23E044A400F7DF20 /* Inspect.entitlements */,
			);
			path = Inspect;
			sourceTree = "<group>";
		};
/* End PBXGroup section */

/* Begin PBXNativeTarget section */
		114F367C23E044A200F7DF20 /* Inspect */ = {
			isa = PBXNativeTarget;
			buildConfigurationList = 114F368D23E044A400F7DF20 /* Build configuration list for PBXNativeTarget "Inspect" */;
			buildPhases = (
				114F367923E044A200F7DF20 /* Sources */,
				114F367A23E044A200F7DF20 /* Frameworks */,
				114F367B23E044A200F7DF20 /* Resources */,
			);
			buildRules = (
			);
			dependencies = (
			);
			name = Inspect;
			productName = "Hardware Tester";
			productReference = 114F367D23E044A200F7DF20 /* Inspect.app */;
			productType = "com.apple.product-type.application";
		};
/* End PBXNativeTarget section */

/* Begin PBXProject section */
		114F367523E044A200F7DF20 /* Project object */ = {
			isa = PBXProject;
			attributes = {
				LastSwiftUpdateCheck = 1130;
				LastUpgradeCheck = 1130;
				ORGANIZATIONNAME = Samabox;
				TargetAttributes = {
					114F367C23E044A200F7DF20 = {
						CreatedOnToolsVersion = 11.3.1;
					};
				};
			};
			buildConfigurationList = 114F367823E044A200F7DF20 /* Build configuration list for PBXProject "Inspect" */;
			compatibilityVersion = "Xcode 9.3";
			developmentRegion = en;
			hasScannedForEncodings = 0;
			knownRegions = (
				en,
				Base,
			);
			mainGroup = 114F367423E044A200F7DF20;
			productRefGroup = 114F367E23E044A200F7DF20 /* Products */;
			projectDirPath = "";
			projectRoot = "";
			targets = (
				114F367C23E044A200F7DF20 /* Inspect */,
			);
		};
/* End PBXProject section */

/* Begin PBXResourcesBuildPhase section */
		114F367B23E044A200F7DF20 /* Resources */ = {
			isa = PBXResourcesBuildPhase;
			buildActionMask = 2147483647;
			files = (
				11AD567F23E8421C004A0F9A /* Assets.xcassets in Resources */,
				114F368823E044A400F7DF20 /* Main.storyboard in Resources */,
			);
			runOnlyForDeploymentPostprocessing = 0;
		};
/* End PBXResourcesBuildPhase section */

/* Begin PBXSourcesBuildPhase section */
		114F367923E044A200F7DF20 /* Sources */ = {
			isa = PBXSourcesBuildPhase;
			buildActionMask = 2147483647;
			files = (
				114F369723E5849C00F7DF20 /* KeyboardController.swift in Sources */,
				1103397D23E9D50A00125AC6 /* DynamicColor.swift in Sources */,
				114F369323E4A8B200F7DF20 /* Key.swift in Sources */,
				114F368123E044A200F7DF20 /* AppDelegate.swift in Sources */,
				114F369923E584B800F7DF20 /* ScreenController.swift in Sources */,
				114F369123E0E54400F7DF20 /* KeyView.swift in Sources */,
			);
			runOnlyForDeploymentPostprocessing = 0;
		};
/* End PBXSourcesBuildPhase section */

/* Begin PBXVariantGroup section */
		114F368623E044A400F7DF20 /* Main.storyboard */ = {
			isa = PBXVariantGroup;
			children = (
				114F368723E044A400F7DF20 /* Base */,
			);
			name = Main.storyboard;
			sourceTree = "<group>";
		};
/* End PBXVariantGroup section */

/* Begin XCBuildConfiguration section */
		114F368B23E044A400F7DF20 /* Debug */ = {
			isa = XCBuildConfiguration;
			buildSettings = {
				ALWAYS_SEARCH_USER_PATHS = NO;
				CLANG_ANALYZER_NONNULL = YES;
				CLANG_ANALYZER_NUMBER_OBJECT_CONVERSION = YES_AGGRESSIVE;
				CLANG_CXX_LANGUAGE_STANDARD = "gnu++14";
				CLANG_CXX_LIBRARY = "libc++";
				CLANG_ENABLE_MODULES = YES;
				CLANG_ENABLE_OBJC_ARC = YES;
				CLANG_ENABLE_OBJC_WEAK = YES;
				CLANG_WARN_BLOCK_CAPTURE_AUTORELEASING = YES;
				CLANG_WARN_BOOL_CONVERSION = YES;
				CLANG_WARN_COMMA = YES;
				CLANG_WARN_CONSTANT_CONVERSION = YES;
				CLANG_WARN_DEPRECATED_OBJC_IMPLEMENTATIONS = YES;
				CLANG_WARN_DIRECT_OBJC_ISA_USAGE = YES_ERROR;
				CLANG_WARN_DOCUMENTATION_COMMENTS = YES;
				CLANG_WARN_EMPTY_BODY = YES;
				CLANG_WARN_ENUM_CONVERSION = YES;
				CLANG_WARN_INFINITE_RECURSION = YES;
				CLANG_WARN_INT_CONVERSION = YES;
				CLANG_WARN_NON_LITERAL_NULL_CONVERSION = YES;
				CLANG_WARN_OBJC_IMPLICIT_RETAIN_SELF = YES;
				CLANG_WARN_OBJC_LITERAL_CONVERSION = YES;
				CLANG_WARN_OBJC_ROOT_CLASS = YES_ERROR;
				CLANG_WARN_RANGE_LOOP_ANALYSIS = YES;
				CLANG_WARN_STRICT_PROTOTYPES = YES;
				CLANG_WARN_SUSPICIOUS_MOVE = YES;
				CLANG_WARN_UNGUARDED_AVAILABILITY = YES_AGGRESSIVE;
				CLANG_WARN_UNREACHABLE_CODE = YES;
				CLANG_WARN__DUPLICATE_METHOD_MATCH = YES;
				COPY_PHASE_STRIP = NO;
				DEBUG_INFORMATION_FORMAT = dwarf;
				ENABLE_STRICT_OBJC_MSGSEND = YES;
				ENABLE_TESTABILITY = YES;
				GCC_C_LANGUAGE_STANDARD = gnu11;
				GCC_DYNAMIC_NO_PIC = NO;
				GCC_NO_COMMON_BLOCKS = YES;
				GCC_OPTIMIZATION_LEVEL = 0;
				GCC_PREPROCESSOR_DEFINITIONS = (
					"DEBUG=1",
					"$(inherited)",
				);
				GCC_WARN_64_TO_32_BIT_CONVERSION = YES;
				GCC_WARN_ABOUT_RETURN_TYPE = YES_ERROR;
				GCC_WARN_UNDECLARED_SELECTOR = YES;
				GCC_WARN_UNINITIALIZED_AUTOS = YES_AGGRESSIVE;
				GCC_WARN_UNUSED_FUNCTION = YES;
				GCC_WARN_UNUSED_VARIABLE = YES;
				MACOSX_DEPLOYMENT_TARGET = 10.11;
				MTL_ENABLE_DEBUG_INFO = INCLUDE_SOURCE;
				MTL_FAST_MATH = YES;
				ONLY_ACTIVE_ARCH = YES;
				SDKROOT = macosx;
				SWIFT_ACTIVE_COMPILATION_CONDITIONS = DEBUG;
				SWIFT_OPTIMIZATION_LEVEL = "-Onone";
			};
			name = Debug;
		};
		114F368C23E044A400F7DF20 /* Release */ = {
			isa = XCBuildConfiguration;
			buildSettings = {
				ALWAYS_SEARCH_USER_PATHS = NO;
				CLANG_ANALYZER_NONNULL = YES;
				CLANG_ANALYZER_NUMBER_OBJECT_CONVERSION = YES_AGGRESSIVE;
				CLANG_CXX_LANGUAGE_STANDARD = "gnu++14";
				CLANG_CXX_LIBRARY = "libc++";
				CLANG_ENABLE_MODULES = YES;
				CLANG_ENABLE_OBJC_ARC = YES;
				CLANG_ENABLE_OBJC_WEAK = YES;
				CLANG_WARN_BLOCK_CAPTURE_AUTORELEASING = YES;
				CLANG_WARN_BOOL_CONVERSION = YES;
				CLANG_WARN_COMMA = YES;
				CLANG_WARN_CONSTANT_CONVERSION = YES;
				CLANG_WARN_DEPRECATED_OBJC_IMPLEMENTATIONS = YES;
				CLANG_WARN_DIRECT_OBJC_ISA_USAGE = YES_ERROR;
				CLANG_WARN_DOCUMENTATION_COMMENTS = YES;
				CLANG_WARN_EMPTY_BODY = YES;
				CLANG_WARN_ENUM_CONVERSION = YES;
				CLANG_WARN_INFINITE_RECURSION = YES;
				CLANG_WARN_INT_CONVERSION = YES;
				CLANG_WARN_NON_LITERAL_NULL_CONVERSION = YES;
				CLANG_WARN_OBJC_IMPLICIT_RETAIN_SELF = YES;
				CLANG_WARN_OBJC_LITERAL_CONVERSION = YES;
				CLANG_WARN_OBJC_ROOT_CLASS = YES_ERROR;
				CLANG_WARN_RANGE_LOOP_ANALYSIS = YES;
				CLANG_WARN_STRICT_PROTOTYPES = YES;
				CLANG_WARN_SUSPICIOUS_MOVE = YES;
				CLANG_WARN_UNGUARDED_AVAILABILITY = YES_AGGRESSIVE;
				CLANG_WARN_UNREACHABLE_CODE = YES;
				CLANG_WARN__DUPLICATE_METHOD_MATCH = YES;
				COPY_PHASE_STRIP = NO;
				DEBUG_INFORMATION_FORMAT = "dwarf-with-dsym";
				ENABLE_NS_ASSERTIONS = NO;
				ENABLE_STRICT_OBJC_MSGSEND = YES;
				GCC_C_LANGUAGE_STANDARD = gnu11;
				GCC_NO_COMMON_BLOCKS = YES;
				GCC_WARN_64_TO_32_BIT_CONVERSION = YES;
				GCC_WARN_ABOUT_RETURN_TYPE = YES_ERROR;
				GCC_WARN_UNDECLARED_SELECTOR = YES;
				GCC_WARN_UNINITIALIZED_AUTOS = YES_AGGRESSIVE;
				GCC_WARN_UNUSED_FUNCTION = YES;
				GCC_WARN_UNUSED_VARIABLE = YES;
				MACOSX_DEPLOYMENT_TARGET = 10.11;
				MTL_ENABLE_DEBUG_INFO = NO;
				MTL_FAST_MATH = YES;
				SDKROOT = macosx;
				SWIFT_COMPILATION_MODE = wholemodule;
				SWIFT_OPTIMIZATION_LEVEL = "-O";
			};
			name = Release;
		};
		114F368E23E044A400F7DF20 /* Debug */ = {
			isa = XCBuildConfiguration;
			buildSettings = {
				ASSETCATALOG_COMPILER_APPICON_NAME = AppIcon;
				CODE_SIGN_ENTITLEMENTS = Inspect/Inspect.entitlements;
				CODE_SIGN_STYLE = Automatic;
				COMBINE_HIDPI_IMAGES = YES;
				INFOPLIST_FILE = Inspect/Info.plist;
				LD_RUNPATH_SEARCH_PATHS = (
					"$(inherited)",
					"@executable_path/../Frameworks",
				);
				MARKETING_VERSION = 1.0;
				PRODUCT_BUNDLE_IDENTIFIER = com.samabox.inspect;
				PRODUCT_NAME = "$(TARGET_NAME)";
				SWIFT_VERSION = 5.0;
			};
			name = Debug;
		};
		114F368F23E044A400F7DF20 /* Release */ = {
			isa = XCBuildConfiguration;
			buildSettings = {
				ASSETCATALOG_COMPILER_APPICON_NAME = AppIcon;
				CODE_SIGN_ENTITLEMENTS = Inspect/Inspect.entitlements;
				CODE_SIGN_STYLE = Automatic;
				COMBINE_HIDPI_IMAGES = YES;
				INFOPLIST_FILE = Inspect/Info.plist;
				LD_RUNPATH_SEARCH_PATHS = (
					"$(inherited)",
					"@executable_path/../Frameworks",
				);
				MARKETING_VERSION = 1.0;
				PRODUCT_BUNDLE_IDENTIFIER = com.samabox.inspect;
				PRODUCT_NAME = "$(TARGET_NAME)";
				SWIFT_VERSION = 5.0;
			};
			name = Release;
		};
/* End XCBuildConfiguration section */

/* Begin XCConfigurationList section */
		114F367823E044A200F7DF20 /* Build configuration list for PBXProject "Inspect" */ = {
			isa = XCConfigurationList;
			buildConfigurations = (
				114F368B23E044A400F7DF20 /* Debug */,
				114F368C23E044A400F7DF20 /* Release */,
			);
			defaultConfigurationIsVisible = 0;
			defaultConfigurationName = Release;
		};
		114F368D23E044A400F7DF20 /* Build configuration list for PBXNativeTarget "Inspect" */ = {
			isa = XCConfigurationList;
			buildConfigurations = (
				114F368E23E044A400F7DF20 /* Debug */,
				114F368F23E044A400F7DF20 /* Release */,
			);
			defaultConfigurationIsVisible = 0;
			defaultConfigurationName = Release;
		};
/* End XCConfigurationList section */
	};
	rootObject = 114F367523E044A200F7DF20 /* Project object */;
}
